PODS:
  - OTXCFramework (2.27.0-custom.0)
  - VonageWebRTC (99.13.0-dev.363)

DEPENDENCIES:
  - OTXCFramework (from `OTXCFramework.podspec`)
  - VonageWebRTC (= 99.13.0-dev.363)

SPEC REPOS:
  https://github.com/CocoaPods/Specs.git:
    - VonageWebRTC

EXTERNAL SOURCES:
  OTXCFramework:
    :podspec: OTXCFramework.podspec

SPEC CHECKSUMS:
  OTXCFramework: e4a764c6baf2b217152915aaa1dc7ee2d71ddcb4
  VonageWebRTC: 98eb353768476c6beef2ea92b576085b4fce027e

PODFILE CHECKSUM: 9db23579cb27efacf4dfd9805ba7b5a780d66519

COCOAPODS: 1.11.3
