PODS:
  - OTXCFramework (2.27.0-custom.3)
  - VonageWebRTC (99.13.0-dev.362)

DEPENDENCIES:
  - OTXCFramework (from `OTXCFramework.podspec`)
  - VonageWebRTC (= 99.13.0-dev.362)

SPEC REPOS:
  https://github.com/CocoaPods/Specs.git:
    - VonageWebRTC

EXTERNAL SOURCES:
  OTXCFramework:
    :podspec: OTXCFramework.podspec

SPEC CHECKSUMS:
  OTXCFramework: 76eb52f6afaf289d083719f32f57815a5c331b16
  VonageWebRTC: f37d8cfbcc8fa37266b227a062835407503d21da

PODFILE CHECKSUM: 8fd77467bac3a8651caec21c2d4b739d22577827

COCOAPODS: 1.14.3
