// !$*UTF8*$!
{
	archiveVersion = 1;
	classes = {
	};
	objectVersion = 55;
	objects = {

/* Begin PBXBuildFile section */
		AC611E6228F848CD00B00CEA /* AppDelegate.m in Sources */ = {isa = PBXBuildFile; fileRef = AC611E6128F848CD00B00CEA /* AppDelegate.m */; };
		AC611E6528F848CD00B00CEA /* SceneDelegate.m in Sources */ = {isa = PBXBuildFile; fileRef = AC611E6428F848CD00B00CEA /* SceneDelegate.m */; };
		AC611E6828F848CD00B00CEA /* ViewController.m in Sources */ = {isa = PBXBuildFile; fileRef = AC611E6728F848CD00B00CEA /* ViewController.m */; };
		AC611E6B28F848CD00B00CEA /* Main.storyboard in Resources */ = {isa = PBXBuildFile; fileRef = AC611E6928F848CD00B00CEA /* Main.storyboard */; };
		AC611E6D28F848CE00B00CEA /* Assets.xcassets in Resources */ = {isa = PBXBuildFile; fileRef = AC611E6C28F848CE00B00CEA /* Assets.xcassets */; };
		AC611E7028F848CE00B00CEA /* LaunchScreen.storyboard in Resources */ = {isa = PBXBuildFile; fileRef = AC611E6E28F848CE00B00CEA /* LaunchScreen.storyboard */; };
		AC611E7328F848CE00B00CEA /* main.m in Sources */ = {isa = PBXBuildFile; fileRef = AC611E7228F848CE00B00CEA /* main.m */; };
		FE2CA7AA6A20F311F48BE5C2 /* Pods_iOSObjCApp.framework in Frameworks */ = {isa = PBXBuildFile; fileRef = 9E81EBA81D6FA6B27EC77601 /* Pods_iOSObjCApp.framework */; };
/* End PBXBuildFile section */

/* Begin PBXFileReference section */
		2F6617A591F4819C7629EDDD /* Pods-iOSObjCApp.debug.xcconfig */ = {isa = PBXFileReference; includeInIndex = 1; lastKnownFileType = text.xcconfig; name = "Pods-iOSObjCApp.debug.xcconfig"; path = "Target Support Files/Pods-iOSObjCApp/Pods-iOSObjCApp.debug.xcconfig"; sourceTree = "<group>"; };
		9E81EBA81D6FA6B27EC77601 /* Pods_iOSObjCApp.framework */ = {isa = PBXFileReference; explicitFileType = wrapper.framework; includeInIndex = 0; path = Pods_iOSObjCApp.framework; sourceTree = BUILT_PRODUCTS_DIR; };
		AC611E5D28F848CD00B00CEA /* iOSObjCApp.app */ = {isa = PBXFileReference; explicitFileType = wrapper.application; includeInIndex = 0; path = iOSObjCApp.app; sourceTree = BUILT_PRODUCTS_DIR; };
		AC611E6028F848CD00B00CEA /* AppDelegate.h */ = {isa = PBXFileReference; lastKnownFileType = sourcecode.c.h; path = AppDelegate.h; sourceTree = "<group>"; };
		AC611E6128F848CD00B00CEA /* AppDelegate.m */ = {isa = PBXFileReference; lastKnownFileType = sourcecode.c.objc; path = AppDelegate.m; sourceTree = "<group>"; };
		AC611E6328F848CD00B00CEA /* SceneDelegate.h */ = {isa = PBXFileReference; lastKnownFileType = sourcecode.c.h; path = SceneDelegate.h; sourceTree = "<group>"; };
		AC611E6428F848CD00B00CEA /* SceneDelegate.m */ = {isa = PBXFileReference; lastKnownFileType = sourcecode.c.objc; path = SceneDelegate.m; sourceTree = "<group>"; };
		AC611E6628F848CD00B00CEA /* ViewController.h */ = {isa = PBXFileReference; lastKnownFileType = sourcecode.c.h; path = ViewController.h; sourceTree = "<group>"; };
		AC611E6728F848CD00B00CEA /* ViewController.m */ = {isa = PBXFileReference; lastKnownFileType = sourcecode.c.objc; path = ViewController.m; sourceTree = "<group>"; };
		AC611E6A28F848CD00B00CEA /* Base */ = {isa = PBXFileReference; lastKnownFileType = file.storyboard; name = Base; path = Base.lproj/Main.storyboard; sourceTree = "<group>"; };
		AC611E6C28F848CE00B00CEA /* Assets.xcassets */ = {isa = PBXFileReference; lastKnownFileType = folder.assetcatalog; path = Assets.xcassets; sourceTree = "<group>"; };
		AC611E6F28F848CE00B00CEA /* Base */ = {isa = PBXFileReference; lastKnownFileType = file.storyboard; name = Base; path = Base.lproj/LaunchScreen.storyboard; sourceTree = "<group>"; };
		AC611E7128F848CE00B00CEA /* Info.plist */ = {isa = PBXFileReference; lastKnownFileType = text.plist.xml; path = Info.plist; sourceTree = "<group>"; };
		AC611E7228F848CE00B00CEA /* main.m */ = {isa = PBXFileReference; lastKnownFileType = sourcecode.c.objc; path = main.m; sourceTree = "<group>"; };
		BEF13A07D0F672E2F430B8F2 /* Pods-iOSObjCApp.release.xcconfig */ = {isa = PBXFileReference; includeInIndex = 1; lastKnownFileType = text.xcconfig; name = "Pods-iOSObjCApp.release.xcconfig"; path = "Target Support Files/Pods-iOSObjCApp/Pods-iOSObjCApp.release.xcconfig"; sourceTree = "<group>"; };
/* End PBXFileReference section */

/* Begin PBXFrameworksBuildPhase section */
		AC611E5A28F848CD00B00CEA /* Frameworks */ = {
			isa = PBXFrameworksBuildPhase;
			buildActionMask = 2147483647;
			files = (
				FE2CA7AA6A20F311F48BE5C2 /* Pods_iOSObjCApp.framework in Frameworks */,
			);
			runOnlyForDeploymentPostprocessing = 0;
		};
/* End PBXFrameworksBuildPhase section */

/* Begin PBXGroup section */
		3358E8ED3C0073701B2A50D2 /* Frameworks */ = {
			isa = PBXGroup;
			children = (
				9E81EBA81D6FA6B27EC77601 /* Pods_iOSObjCApp.framework */,
			);
			name = Frameworks;
			sourceTree = "<group>";
		};
		63D77CED08528CCB762A3ECF /* Pods */ = {
			isa = PBXGroup;
			children = (
				2F6617A591F4819C7629EDDD /* Pods-iOSObjCApp.debug.xcconfig */,
				BEF13A07D0F672E2F430B8F2 /* Pods-iOSObjCApp.release.xcconfig */,
			);
			name = Pods;
			path = Pods;
			sourceTree = "<group>";
		};
		AC611E5428F848CD00B00CEA = {
			isa = PBXGroup;
			children = (
				AC611E5F28F848CD00B00CEA /* iOSObjCApp */,
				AC611E5E28F848CD00B00CEA /* Products */,
				63D77CED08528CCB762A3ECF /* Pods */,
				3358E8ED3C0073701B2A50D2 /* Frameworks */,
			);
			sourceTree = "<group>";
		};
		AC611E5E28F848CD00B00CEA /* Products */ = {
			isa = PBXGroup;
			children = (
				AC611E5D28F848CD00B00CEA /* iOSObjCApp.app */,
			);
			name = Products;
			sourceTree = "<group>";
		};
		AC611E5F28F848CD00B00CEA /* iOSObjCApp */ = {
			isa = PBXGroup;
			children = (
				AC611E6028F848CD00B00CEA /* AppDelegate.h */,
				AC611E6128F848CD00B00CEA /* AppDelegate.m */,
				AC611E6328F848CD00B00CEA /* SceneDelegate.h */,
				AC611E6428F848CD00B00CEA /* SceneDelegate.m */,
				AC611E6628F848CD00B00CEA /* ViewController.h */,
				AC611E6728F848CD00B00CEA /* ViewController.m */,
				AC611E6928F848CD00B00CEA /* Main.storyboard */,
				AC611E6C28F848CE00B00CEA /* Assets.xcassets */,
				AC611E6E28F848CE00B00CEA /* LaunchScreen.storyboard */,
				AC611E7128F848CE00B00CEA /* Info.plist */,
				AC611E7228F848CE00B00CEA /* main.m */,
			);
			path = iOSObjCApp;
			sourceTree = "<group>";
		};
/* End PBXGroup section */

/* Begin PBXNativeTarget section */
		AC611E5C28F848CD00B00CEA /* iOSObjCApp */ = {
			isa = PBXNativeTarget;
			buildConfigurationList = AC611E7628F848CE00B00CEA /* Build configuration list for PBXNativeTarget "iOSObjCApp" */;
			buildPhases = (
				2F33135B0FB91AE0EA84BCCF /* [CP] Check Pods Manifest.lock */,
				AC611E5928F848CD00B00CEA /* Sources */,
				AC611E5A28F848CD00B00CEA /* Frameworks */,
				AC611E5B28F848CD00B00CEA /* Resources */,
			);
			buildRules = (
			);
			dependencies = (
			);
			name = iOSObjCApp;
			productName = iOSObjCApp;
			productReference = AC611E5D28F848CD00B00CEA /* iOSObjCApp.app */;
			productType = "com.apple.product-type.application";
		};
/* End PBXNativeTarget section */

/* Begin PBXProject section */
		AC611E5528F848CD00B00CEA /* Project object */ = {
			isa = PBXProject;
			attributes = {
				BuildIndependentTargetsInParallel = 1;
				LastUpgradeCheck = 1320;
				TargetAttributes = {
					AC611E5C28F848CD00B00CEA = {
						CreatedOnToolsVersion = 13.2.1;
					};
				};
			};
			buildConfigurationList = AC611E5828F848CD00B00CEA /* Build configuration list for PBXProject "iOSObjCApp" */;
			compatibilityVersion = "Xcode 13.0";
			developmentRegion = en;
			hasScannedForEncodings = 0;
			knownRegions = (
				en,
				Base,
			);
			mainGroup = AC611E5428F848CD00B00CEA;
			productRefGroup = AC611E5E28F848CD00B00CEA /* Products */;
			projectDirPath = "";
			projectRoot = "";
			targets = (
				AC611E5C28F848CD00B00CEA /* iOSObjCApp */,
			);
		};
/* End PBXProject section */

/* Begin PBXResourcesBuildPhase section */
		AC611E5B28F848CD00B00CEA /* Resources */ = {
			isa = PBXResourcesBuildPhase;
			buildActionMask = 2147483647;
			files = (
				AC611E7028F848CE00B00CEA /* LaunchScreen.storyboard in Resources */,
				AC611E6D28F848CE00B00CEA /* Assets.xcassets in Resources */,
				AC611E6B28F848CD00B00CEA /* Main.storyboard in Resources */,
			);
			runOnlyForDeploymentPostprocessing = 0;
		};
/* End PBXResourcesBuildPhase section */

/* Begin PBXShellScriptBuildPhase section */
		2F33135B0FB91AE0EA84BCCF /* [CP] Check Pods Manifest.lock */ = {
			isa = PBXShellScriptBuildPhase;
			buildActionMask = 2147483647;
			files = (
			);
			inputFileListPaths = (
			);
			inputPaths = (
				"${PODS_PODFILE_DIR_PATH}/Podfile.lock",
				"${PODS_ROOT}/Manifest.lock",
			);
			name = "[CP] Check Pods Manifest.lock";
			outputFileListPaths = (
			);
			outputPaths = (
				"$(DERIVED_FILE_DIR)/Pods-iOSObjCApp-checkManifestLockResult.txt",
			);
			runOnlyForDeploymentPostprocessing = 0;
			shellPath = /bin/sh;
			shellScript = "diff \"${PODS_PODFILE_DIR_PATH}/Podfile.lock\" \"${PODS_ROOT}/Manifest.lock\" > /dev/null\nif [ $? != 0 ] ; then\n    # print error to STDERR\n    echo \"error: The sandbox is not in sync with the Podfile.lock. Run 'pod install' or update your CocoaPods installation.\" >&2\n    exit 1\nfi\n# This output is used by Xcode 'outputs' to avoid re-running this script phase.\necho \"SUCCESS\" > \"${SCRIPT_OUTPUT_FILE_0}\"\n";
			showEnvVarsInLog = 0;
		};
/* End PBXShellScriptBuildPhase section */

/* Begin PBXSourcesBuildPhase section */
		AC611E5928F848CD00B00CEA /* Sources */ = {
			isa = PBXSourcesBuildPhase;
			buildActionMask = 2147483647;
			files = (
				AC611E6828F848CD00B00CEA /* ViewController.m in Sources */,
				AC611E6228F848CD00B00CEA /* AppDelegate.m in Sources */,
				AC611E7328F848CE00B00CEA /* main.m in Sources */,
				AC611E6528F848CD00B00CEA /* SceneDelegate.m in Sources */,
			);
			runOnlyForDeploymentPostprocessing = 0;
		};
/* End PBXSourcesBuildPhase section */

/* Begin PBXVariantGroup section */
		AC611E6928F848CD00B00CEA /* Main.storyboard */ = {
			isa = PBXVariantGroup;
			children = (
				AC611E6A28F848CD00B00CEA /* Base */,
			);
			name = Main.storyboard;
			sourceTree = "<group>";
		};
		AC611E6E28F848CE00B00CEA /* LaunchScreen.storyboard */ = {
			isa = PBXVariantGroup;
			children = (
				AC611E6F28F848CE00B00CEA /* Base */,
			);
			name = LaunchScreen.storyboard;
			sourceTree = "<group>";
		};
/* End PBXVariantGroup section */

/* Begin XCBuildConfiguration section */
		AC611E7428F848CE00B00CEA /* Debug */ = {
			isa = XCBuildConfiguration;
			buildSettings = {
				ALWAYS_SEARCH_USER_PATHS = NO;
				CLANG_ANALYZER_NONNULL = YES;
				CLANG_ANALYZER_NUMBER_OBJECT_CONVERSION = YES_AGGRESSIVE;
				CLANG_CXX_LANGUAGE_STANDARD = "gnu++17";
				CLANG_CXX_LIBRARY = "libc++";
				CLANG_ENABLE_MODULES = YES;
				CLANG_ENABLE_OBJC_ARC = YES;
				CLANG_ENABLE_OBJC_WEAK = YES;
				CLANG_WARN_BLOCK_CAPTURE_AUTORELEASING = YES;
				CLANG_WARN_BOOL_CONVERSION = YES;
				CLANG_WARN_COMMA = YES;
				CLANG_WARN_CONSTANT_CONVERSION = YES;
				CLANG_WARN_DEPRECATED_OBJC_IMPLEMENTATIONS = YES;
				CLANG_WARN_DIRECT_OBJC_ISA_USAGE = YES_ERROR;
				CLANG_WARN_DOCUMENTATION_COMMENTS = YES;
				CLANG_WARN_EMPTY_BODY = YES;
				CLANG_WARN_ENUM_CONVERSION = YES;
				CLANG_WARN_INFINITE_RECURSION = YES;
				CLANG_WARN_INT_CONVERSION = YES;
				CLANG_WARN_NON_LITERAL_NULL_CONVERSION = YES;
				CLANG_WARN_OBJC_IMPLICIT_RETAIN_SELF = YES;
				CLANG_WARN_OBJC_LITERAL_CONVERSION = YES;
				CLANG_WARN_OBJC_ROOT_CLASS = YES_ERROR;
				CLANG_WARN_QUOTED_INCLUDE_IN_FRAMEWORK_HEADER = YES;
				CLANG_WARN_RANGE_LOOP_ANALYSIS = YES;
				CLANG_WARN_STRICT_PROTOTYPES = YES;
				CLANG_WARN_SUSPICIOUS_MOVE = YES;
				CLANG_WARN_UNGUARDED_AVAILABILITY = YES_AGGRESSIVE;
				CLANG_WARN_UNREACHABLE_CODE = YES;
				CLANG_WARN__DUPLICATE_METHOD_MATCH = YES;
				COPY_PHASE_STRIP = NO;
				DEBUG_INFORMATION_FORMAT = dwarf;
				ENABLE_STRICT_OBJC_MSGSEND = YES;
				ENABLE_TESTABILITY = YES;
				GCC_C_LANGUAGE_STANDARD = gnu11;
				GCC_DYNAMIC_NO_PIC = NO;
				GCC_NO_COMMON_BLOCKS = YES;
				GCC_OPTIMIZATION_LEVEL = 0;
				GCC_PREPROCESSOR_DEFINITIONS = (
					"DEBUG=1",
					"$(inherited)",
				);
				GCC_WARN_64_TO_32_BIT_CONVERSION = YES;
				GCC_WARN_ABOUT_RETURN_TYPE = YES_ERROR;
				GCC_WARN_UNDECLARED_SELECTOR = YES;
				GCC_WARN_UNINITIALIZED_AUTOS = YES_AGGRESSIVE;
				GCC_WARN_UNUSED_FUNCTION = YES;
				GCC_WARN_UNUSED_VARIABLE = YES;
				IPHONEOS_DEPLOYMENT_TARGET = 15.2;
				MTL_ENABLE_DEBUG_INFO = INCLUDE_SOURCE;
				MTL_FAST_MATH = YES;
				ONLY_ACTIVE_ARCH = YES;
				SDKROOT = iphoneos;
			};
			name = Debug;
		};
		AC611E7528F848CE00B00CEA /* Release */ = {
			isa = XCBuildConfiguration;
			buildSettings = {
				ALWAYS_SEARCH_USER_PATHS = NO;
				CLANG_ANALYZER_NONNULL = YES;
				CLANG_ANALYZER_NUMBER_OBJECT_CONVERSION = YES_AGGRESSIVE;
				CLANG_CXX_LANGUAGE_STANDARD = "gnu++17";
				CLANG_CXX_LIBRARY = "libc++";
				CLANG_ENABLE_MODULES = YES;
				CLANG_ENABLE_OBJC_ARC = YES;
				CLANG_ENABLE_OBJC_WEAK = YES;
				CLANG_WARN_BLOCK_CAPTURE_AUTORELEASING = YES;
				CLANG_WARN_BOOL_CONVERSION = YES;
				CLANG_WARN_COMMA = YES;
				CLANG_WARN_CONSTANT_CONVERSION = YES;
				CLANG_WARN_DEPRECATED_OBJC_IMPLEMENTATIONS = YES;
				CLANG_WARN_DIRECT_OBJC_ISA_USAGE = YES_ERROR;
				CLANG_WARN_DOCUMENTATION_COMMENTS = YES;
				CLANG_WARN_EMPTY_BODY = YES;
				CLANG_WARN_ENUM_CONVERSION = YES;
				CLANG_WARN_INFINITE_RECURSION = YES;
				CLANG_WARN_INT_CONVERSION = YES;
				CLANG_WARN_NON_LITERAL_NULL_CONVERSION = YES;
				CLANG_WARN_OBJC_IMPLICIT_RETAIN_SELF = YES;
				CLANG_WARN_OBJC_LITERAL_CONVERSION = YES;
				CLANG_WARN_OBJC_ROOT_CLASS = YES_ERROR;
				CLANG_WARN_QUOTED_INCLUDE_IN_FRAMEWORK_HEADER = YES;
				CLANG_WARN_RANGE_LOOP_ANALYSIS = YES;
				CLANG_WARN_STRICT_PROTOTYPES = YES;
				CLANG_WARN_SUSPICIOUS_MOVE = YES;
				CLANG_WARN_UNGUARDED_AVAILABILITY = YES_AGGRESSIVE;
				CLANG_WARN_UNREACHABLE_CODE = YES;
				CLANG_WARN__DUPLICATE_METHOD_MATCH = YES;
				COPY_PHASE_STRIP = NO;
				DEBUG_INFORMATION_FORMAT = "dwarf-with-dsym";
				ENABLE_NS_ASSERTIONS = NO;
				ENABLE_STRICT_OBJC_MSGSEND = YES;
				GCC_C_LANGUAGE_STANDARD = gnu11;
				GCC_NO_COMMON_BLOCKS = YES;
				GCC_WARN_64_TO_32_BIT_CONVERSION = YES;
				GCC_WARN_ABOUT_RETURN_TYPE = YES_ERROR;
				GCC_WARN_UNDECLARED_SELECTOR = YES;
				GCC_WARN_UNINITIALIZED_AUTOS = YES_AGGRESSIVE;
				GCC_WARN_UNUSED_FUNCTION = YES;
				GCC_WARN_UNUSED_VARIABLE = YES;
				IPHONEOS_DEPLOYMENT_TARGET = 15.2;
				MTL_ENABLE_DEBUG_INFO = NO;
				MTL_FAST_MATH = YES;
				SDKROOT = iphoneos;
				VALIDATE_PRODUCT = YES;
			};
			name = Release;
		};
		AC611E7728F848CE00B00CEA /* Debug */ = {
			isa = XCBuildConfiguration;
			baseConfigurationReference = 2F6617A591F4819C7629EDDD /* Pods-iOSObjCApp.debug.xcconfig */;
			buildSettings = {
				ASSETCATALOG_COMPILER_APPICON_NAME = AppIcon;
				ASSETCATALOG_COMPILER_GLOBAL_ACCENT_COLOR_NAME = AccentColor;
				CODE_SIGN_STYLE = Automatic;
				CURRENT_PROJECT_VERSION = 1;
				GENERATE_INFOPLIST_FILE = YES;
				INFOPLIST_FILE = iOSObjCApp/Info.plist;
				INFOPLIST_KEY_UIApplicationSupportsIndirectInputEvents = YES;
				INFOPLIST_KEY_UILaunchStoryboardName = LaunchScreen;
				INFOPLIST_KEY_UIMainStoryboardFile = Main;
				INFOPLIST_KEY_UISupportedInterfaceOrientations_iPad = "UIInterfaceOrientationPortrait UIInterfaceOrientationPortraitUpsideDown UIInterfaceOrientationLandscapeLeft UIInterfaceOrientationLandscapeRight";
				INFOPLIST_KEY_UISupportedInterfaceOrientations_iPhone = "UIInterfaceOrientationPortrait UIInterfaceOrientationLandscapeLeft UIInterfaceOrientationLandscapeRight";
				LD_RUNPATH_SEARCH_PATHS = (
					"$(inherited)",
					"@executable_path/Frameworks",
				);
				MARKETING_VERSION = 1.0;
				PRODUCT_BUNDLE_IDENTIFIER = com.vonage.iOSObjCApp;
				PRODUCT_NAME = "$(TARGET_NAME)";
				SWIFT_EMIT_LOC_STRINGS = YES;
				TARGETED_DEVICE_FAMILY = "1,2";
			};
			name = Debug;
		};
		AC611E7828F848CE00B00CEA /* Release */ = {
			isa = XCBuildConfiguration;
			baseConfigurationReference = BEF13A07D0F672E2F430B8F2 /* Pods-iOSObjCApp.release.xcconfig */;
			buildSettings = {
				ASSETCATALOG_COMPILER_APPICON_NAME = AppIcon;
				ASSETCATALOG_COMPILER_GLOBAL_ACCENT_COLOR_NAME = AccentColor;
				CODE_SIGN_STYLE = Automatic;
				CURRENT_PROJECT_VERSION = 1;
				GENERATE_INFOPLIST_FILE = YES;
				INFOPLIST_FILE = iOSObjCApp/Info.plist;
				INFOPLIST_KEY_UIApplicationSupportsIndirectInputEvents = YES;
				INFOPLIST_KEY_UILaunchStoryboardName = LaunchScreen;
				INFOPLIST_KEY_UIMainStoryboardFile = Main;
				INFOPLIST_KEY_UISupportedInterfaceOrientations_iPad = "UIInterfaceOrientationPortrait UIInterfaceOrientationPortraitUpsideDown UIInterfaceOrientationLandscapeLeft UIInterfaceOrientationLandscapeRight";
				INFOPLIST_KEY_UISupportedInterfaceOrientations_iPhone = "UIInterfaceOrientationPortrait UIInterfaceOrientationLandscapeLeft UIInterfaceOrientationLandscapeRight";
				LD_RUNPATH_SEARCH_PATHS = (
					"$(inherited)",
					"@executable_path/Frameworks",
				);
				MARKETING_VERSION = 1.0;
				PRODUCT_BUNDLE_IDENTIFIER = com.vonage.iOSObjCApp;
				PRODUCT_NAME = "$(TARGET_NAME)";
				SWIFT_EMIT_LOC_STRINGS = YES;
				TARGETED_DEVICE_FAMILY = "1,2";
			};
			name = Release;
		};
/* End XCBuildConfiguration section */

/* Begin XCConfigurationList section */
		AC611E5828F848CD00B00CEA /* Build configuration list for PBXProject "iOSObjCApp" */ = {
			isa = XCConfigurationList;
			buildConfigurations = (
				AC611E7428F848CE00B00CEA /* Debug */,
				AC611E7528F848CE00B00CEA /* Release */,
			);
			defaultConfigurationIsVisible = 0;
			defaultConfigurationName = Release;
		};
		AC611E7628F848CE00B00CEA /* Build configuration list for PBXNativeTarget "iOSObjCApp" */ = {
			isa = XCConfigurationList;
			buildConfigurations = (
				AC611E7728F848CE00B00CEA /* Debug */,
				AC611E7828F848CE00B00CEA /* Release */,
			);
			defaultConfigurationIsVisible = 0;
			defaultConfigurationName = Release;
		};
/* End XCConfigurationList section */
	};
	rootObject = AC611E5528F848CD00B00CEA /* Project object */;
}
