// !$*UTF8*$!
{
	archiveVersion = 1;
	classes = {
	};
	objectVersion = 56;
	objects = {

/* Begin PBXBuildFile section */
		2652B78D629B047AF321A45D /* Pods_holo.framework in Frameworks */ = {isa = PBXBuildFile; fileRef = 98C133DA068FF28B3C2429D3 /* Pods_holo.framework */; };
		9D595DD4116701BB26891604 /* Pods_holosim.framework in Frameworks */ = {isa = PBXBuildFile; fileRef = CF4DDABE63FA415E165FE0C3 /* Pods_holosim.framework */; };
		B11318838E31AC3E3674C543 /* Pods_holo.framework in Frameworks */ = {isa = PBXBuildFile; fileRef = 98C133DA068FF28B3C2429D3 /* Pods_holo.framework */; };
		FFD1CC152B581DF100AA8CC8 /* Logger.m in Sources */ = {isa = PBXBuildFile; fileRef = FFD1CC142B581DF100AA8CC8 /* Logger.m */; };
		FFD1CC162B581DF100AA8CC8 /* Logger.m in Sources */ = {isa = PBXBuildFile; fileRef = FFD1CC142B581DF100AA8CC8 /* Logger.m */; };
		FFD1CC562B5949C500AA8CC8 /* AugmentedCompression.xcframework in Frameworks */ = {isa = PBXBuildFile; fileRef = FFD1CC552B5949C500AA8CC8 /* AugmentedCompression.xcframework */; };
		FFD1CC572B5949C500AA8CC8 /* AugmentedCompression.xcframework in Embed Frameworks */ = {isa = PBXBuildFile; fileRef = FFD1CC552B5949C500AA8CC8 /* AugmentedCompression.xcframework */; settings = {ATTRIBUTES = (CodeSignOnCopy, RemoveHeadersOnCopy, ); }; };
		FFD5AE032B508A290022E578 /* AppDelegate.m in Sources */ = {isa = PBXBuildFile; fileRef = FFD5AE022B508A290022E578 /* AppDelegate.m */; };
		FFD5AE062B508A290022E578 /* SceneDelegate.m in Sources */ = {isa = PBXBuildFile; fileRef = FFD5AE052B508A290022E578 /* SceneDelegate.m */; };
		FFD5AE0C2B508A290022E578 /* Main.storyboard in Resources */ = {isa = PBXBuildFile; fileRef = FFD5AE0A2B508A290022E578 /* Main.storyboard */; };
		FFD5AE0E2B508A2A0022E578 /* Assets.xcassets in Resources */ = {isa = PBXBuildFile; fileRef = FFD5AE0D2B508A2A0022E578 /* Assets.xcassets */; };
		FFD5AE112B508A2A0022E578 /* LaunchScreen.storyboard in Resources */ = {isa = PBXBuildFile; fileRef = FFD5AE0F2B508A2A0022E578 /* LaunchScreen.storyboard */; };
		FFD5AE142B508A2A0022E578 /* main.m in Sources */ = {isa = PBXBuildFile; fileRef = FFD5AE132B508A2A0022E578 /* main.m */; };
		FFD5AE1B2B5091A60022E578 /* UnityFramework.framework in Frameworks */ = {isa = PBXBuildFile; fileRef = FFD5AE1A2B5091A60022E578 /* UnityFramework.framework */; };
		FFD5AE1C2B5091A60022E578 /* UnityFramework.framework in Embed Frameworks */ = {isa = PBXBuildFile; fileRef = FFD5AE1A2B5091A60022E578 /* UnityFramework.framework */; settings = {ATTRIBUTES = (CodeSignOnCopy, RemoveHeadersOnCopy, ); }; };
		FFD5AE1F2B50921E0022E578 /* ViewController.mm in Sources */ = {isa = PBXBuildFile; fileRef = FFD5AE1E2B50921E0022E578 /* ViewController.mm */; };
		FFD5AE422B516A800022E578 /* Renderer.m in Sources */ = {isa = PBXBuildFile; fileRef = FFD5AE412B516A800022E578 /* Renderer.m */; };
		FFFFC1AE2B56A33D00BEB84E /* Capturer.mm in Sources */ = {isa = PBXBuildFile; fileRef = FFFFC1AC2B56A33D00BEB84E /* Capturer.mm */; };
		FFFFC1D42B57D5FE00BEB84E /* ViewController.mm in Sources */ = {isa = PBXBuildFile; fileRef = FFD5AE1E2B50921E0022E578 /* ViewController.mm */; };
		FFFFC1D52B57D5FE00BEB84E /* AppDelegate.m in Sources */ = {isa = PBXBuildFile; fileRef = FFD5AE022B508A290022E578 /* AppDelegate.m */; };
		FFFFC1D62B57D5FE00BEB84E /* main.m in Sources */ = {isa = PBXBuildFile; fileRef = FFD5AE132B508A2A0022E578 /* main.m */; };
		FFFFC1D92B57D5FE00BEB84E /* SceneDelegate.m in Sources */ = {isa = PBXBuildFile; fileRef = FFD5AE052B508A290022E578 /* SceneDelegate.m */; };
		FFFFC1DE2B57D5FE00BEB84E /* LaunchScreen.storyboard in Resources */ = {isa = PBXBuildFile; fileRef = FFD5AE0F2B508A2A0022E578 /* LaunchScreen.storyboard */; };
		FFFFC1DF2B57D5FE00BEB84E /* Assets.xcassets in Resources */ = {isa = PBXBuildFile; fileRef = FFD5AE0D2B508A2A0022E578 /* Assets.xcassets */; };
		FFFFC1E02B57D5FE00BEB84E /* Main.storyboard in Resources */ = {isa = PBXBuildFile; fileRef = FFD5AE0A2B508A290022E578 /* Main.storyboard */; };
/* End PBXBuildFile section */

/* Begin PBXCopyFilesBuildPhase section */
		FFD5AE1D2B5091A60022E578 /* Embed Frameworks */ = {
			isa = PBXCopyFilesBuildPhase;
			buildActionMask = 2147483647;
			dstPath = "";
			dstSubfolderSpec = 10;
			files = (
				FFD1CC572B5949C500AA8CC8 /* AugmentedCompression.xcframework in Embed Frameworks */,
				FFD5AE1C2B5091A60022E578 /* UnityFramework.framework in Embed Frameworks */,
			);
			name = "Embed Frameworks";
			runOnlyForDeploymentPostprocessing = 0;
		};
/* End PBXCopyFilesBuildPhase section */

/* Begin PBXFileReference section */
		216AA2A62DA60522C5597CF0 /* Pods-holo.release.xcconfig */ = {isa = PBXFileReference; includeInIndex = 1; lastKnownFileType = text.xcconfig; name = "Pods-holo.release.xcconfig"; path = "Target Support Files/Pods-holo/Pods-holo.release.xcconfig"; sourceTree = "<group>"; };
		98C133DA068FF28B3C2429D3 /* Pods_holo.framework */ = {isa = PBXFileReference; explicitFileType = wrapper.framework; includeInIndex = 0; path = Pods_holo.framework; sourceTree = BUILT_PRODUCTS_DIR; };
		B61C364C165EA6E46CE98C96 /* Pods-holosim.debug.xcconfig */ = {isa = PBXFileReference; includeInIndex = 1; lastKnownFileType = text.xcconfig; name = "Pods-holosim.debug.xcconfig"; path = "Target Support Files/Pods-holosim/Pods-holosim.debug.xcconfig"; sourceTree = "<group>"; };
		C8AA0DAD912BC929314D181C /* Pods-holosim.release.xcconfig */ = {isa = PBXFileReference; includeInIndex = 1; lastKnownFileType = text.xcconfig; name = "Pods-holosim.release.xcconfig"; path = "Target Support Files/Pods-holosim/Pods-holosim.release.xcconfig"; sourceTree = "<group>"; };
		CF4DDABE63FA415E165FE0C3 /* Pods_holosim.framework */ = {isa = PBXFileReference; explicitFileType = wrapper.framework; includeInIndex = 0; path = Pods_holosim.framework; sourceTree = BUILT_PRODUCTS_DIR; };
		D38C1F84A01988A2FE91A270 /* Pods-holo.debug.xcconfig */ = {isa = PBXFileReference; includeInIndex = 1; lastKnownFileType = text.xcconfig; name = "Pods-holo.debug.xcconfig"; path = "Target Support Files/Pods-holo/Pods-holo.debug.xcconfig"; sourceTree = "<group>"; };
		FFD1CC132B581DF100AA8CC8 /* Logger.h */ = {isa = PBXFileReference; fileEncoding = 4; lastKnownFileType = sourcecode.c.h; path = Logger.h; sourceTree = "<group>"; };
		FFD1CC142B581DF100AA8CC8 /* Logger.m */ = {isa = PBXFileReference; fileEncoding = 4; lastKnownFileType = sourcecode.c.objc; path = Logger.m; sourceTree = "<group>"; };
		FFD1CC552B5949C500AA8CC8 /* AugmentedCompression.xcframework */ = {isa = PBXFileReference; lastKnownFileType = wrapper.xcframework; name = AugmentedCompression.xcframework; path = "../Unity-iPhone/AugmentedCompression.xcframework"; sourceTree = "<group>"; };
		FFD5ADFE2B508A290022E578 /* holo.app */ = {isa = PBXFileReference; explicitFileType = wrapper.application; includeInIndex = 0; path = holo.app; sourceTree = BUILT_PRODUCTS_DIR; };
		FFD5AE012B508A290022E578 /* AppDelegate.h */ = {isa = PBXFileReference; lastKnownFileType = sourcecode.c.h; path = AppDelegate.h; sourceTree = "<group>"; };
		FFD5AE022B508A290022E578 /* AppDelegate.m */ = {isa = PBXFileReference; lastKnownFileType = sourcecode.c.objc; path = AppDelegate.m; sourceTree = "<group>"; };
		FFD5AE042B508A290022E578 /* SceneDelegate.h */ = {isa = PBXFileReference; lastKnownFileType = sourcecode.c.h; path = SceneDelegate.h; sourceTree = "<group>"; };
		FFD5AE052B508A290022E578 /* SceneDelegate.m */ = {isa = PBXFileReference; lastKnownFileType = sourcecode.c.objc; path = SceneDelegate.m; sourceTree = "<group>"; };
		FFD5AE072B508A290022E578 /* ViewController.h */ = {isa = PBXFileReference; lastKnownFileType = sourcecode.c.h; path = ViewController.h; sourceTree = "<group>"; };
		FFD5AE0B2B508A290022E578 /* Base */ = {isa = PBXFileReference; lastKnownFileType = file.storyboard; name = Base; path = Base.lproj/Main.storyboard; sourceTree = "<group>"; };
		FFD5AE0D2B508A2A0022E578 /* Assets.xcassets */ = {isa = PBXFileReference; lastKnownFileType = folder.assetcatalog; path = Assets.xcassets; sourceTree = "<group>"; };
		FFD5AE102B508A2A0022E578 /* Base */ = {isa = PBXFileReference; lastKnownFileType = file.storyboard; name = Base; path = Base.lproj/LaunchScreen.storyboard; sourceTree = "<group>"; };
		FFD5AE122B508A2A0022E578 /* Info.plist */ = {isa = PBXFileReference; lastKnownFileType = text.plist.xml; path = Info.plist; sourceTree = "<group>"; };
		FFD5AE132B508A2A0022E578 /* main.m */ = {isa = PBXFileReference; lastKnownFileType = sourcecode.c.objc; path = main.m; sourceTree = "<group>"; };
		FFD5AE1A2B5091A60022E578 /* UnityFramework.framework */ = {isa = PBXFileReference; lastKnownFileType = wrapper.framework; name = UnityFramework.framework; path = "../Unity-iPhone/UnityFramework.framework"; sourceTree = "<group>"; };
		FFD5AE1E2B50921E0022E578 /* ViewController.mm */ = {isa = PBXFileReference; fileEncoding = 4; lastKnownFileType = sourcecode.cpp.objcpp; path = ViewController.mm; sourceTree = "<group>"; };
		FFD5AE402B516A800022E578 /* Renderer.h */ = {isa = PBXFileReference; fileEncoding = 4; lastKnownFileType = sourcecode.c.h; path = Renderer.h; sourceTree = "<group>"; };
		FFD5AE412B516A800022E578 /* Renderer.m */ = {isa = PBXFileReference; fileEncoding = 4; lastKnownFileType = sourcecode.c.objc; path = Renderer.m; sourceTree = "<group>"; };
		FFFFC1AC2B56A33D00BEB84E /* Capturer.mm */ = {isa = PBXFileReference; fileEncoding = 4; lastKnownFileType = sourcecode.cpp.objcpp; path = Capturer.mm; sourceTree = "<group>"; };
		FFFFC1AD2B56A33D00BEB84E /* Capturer.h */ = {isa = PBXFileReference; fileEncoding = 4; lastKnownFileType = sourcecode.c.h; path = Capturer.h; sourceTree = "<group>"; };
		FFFFC1E62B57D5FE00BEB84E /* holosim.app */ = {isa = PBXFileReference; explicitFileType = wrapper.application; includeInIndex = 0; path = holosim.app; sourceTree = BUILT_PRODUCTS_DIR; };
/* End PBXFileReference section */

/* Begin PBXFrameworksBuildPhase section */
		FFD5ADFB2B508A290022E578 /* Frameworks */ = {
			isa = PBXFrameworksBuildPhase;
			buildActionMask = 2147483647;
			files = (
				B11318838E31AC3E3674C543 /* Pods_holo.framework in Frameworks */,
				FFD5AE1B2B5091A60022E578 /* UnityFramework.framework in Frameworks */,
				FFD1CC562B5949C500AA8CC8 /* AugmentedCompression.xcframework in Frameworks */,
				2652B78D629B047AF321A45D /* Pods_holo.framework in Frameworks */,
			);
			runOnlyForDeploymentPostprocessing = 0;
		};
		FFFFC1DA2B57D5FE00BEB84E /* Frameworks */ = {
			isa = PBXFrameworksBuildPhase;
			buildActionMask = 2147483647;
			files = (
				9D595DD4116701BB26891604 /* Pods_holosim.framework in Frameworks */,
			);
			runOnlyForDeploymentPostprocessing = 0;
		};
/* End PBXFrameworksBuildPhase section */

/* Begin PBXGroup section */
		AA68DEBCA12E0959B459B55B /* Pods */ = {
			isa = PBXGroup;
			children = (
				D38C1F84A01988A2FE91A270 /* Pods-holo.debug.xcconfig */,
				216AA2A62DA60522C5597CF0 /* Pods-holo.release.xcconfig */,
				B61C364C165EA6E46CE98C96 /* Pods-holosim.debug.xcconfig */,
				C8AA0DAD912BC929314D181C /* Pods-holosim.release.xcconfig */,
			);
			name = Pods;
			path = ../Pods;
			sourceTree = "<group>";
		};
		E8E801E85EBC7E34169295CD /* Frameworks */ = {
			isa = PBXGroup;
			children = (
				FFD1CC552B5949C500AA8CC8 /* AugmentedCompression.xcframework */,
				FFD5AE1A2B5091A60022E578 /* UnityFramework.framework */,
				98C133DA068FF28B3C2429D3 /* Pods_holo.framework */,
				CF4DDABE63FA415E165FE0C3 /* Pods_holosim.framework */,
			);
			name = Frameworks;
			sourceTree = "<group>";
		};
		FFD5ADF52B508A290022E578 = {
			isa = PBXGroup;
			children = (
				FFD5AE002B508A290022E578 /* holo */,
				FFD5ADFF2B508A290022E578 /* Products */,
				AA68DEBCA12E0959B459B55B /* Pods */,
				E8E801E85EBC7E34169295CD /* Frameworks */,
			);
			sourceTree = "<group>";
		};
		FFD5ADFF2B508A290022E578 /* Products */ = {
			isa = PBXGroup;
			children = (
				FFD5ADFE2B508A290022E578 /* holo.app */,
				FFFFC1E62B57D5FE00BEB84E /* holosim.app */,
			);
			name = Products;
			sourceTree = "<group>";
		};
		FFD5AE002B508A290022E578 /* holo */ = {
			isa = PBXGroup;
			children = (
				FFD1CC132B581DF100AA8CC8 /* Logger.h */,
				FFD1CC142B581DF100AA8CC8 /* Logger.m */,
				FFFFC1AD2B56A33D00BEB84E /* Capturer.h */,
				FFFFC1AC2B56A33D00BEB84E /* Capturer.mm */,
				FFD5AE402B516A800022E578 /* Renderer.h */,
				FFD5AE412B516A800022E578 /* Renderer.m */,
				FFD5AE012B508A290022E578 /* AppDelegate.h */,
				FFD5AE022B508A290022E578 /* AppDelegate.m */,
				FFD5AE042B508A290022E578 /* SceneDelegate.h */,
				FFD5AE052B508A290022E578 /* SceneDelegate.m */,
				FFD5AE072B508A290022E578 /* ViewController.h */,
				FFD5AE1E2B50921E0022E578 /* ViewController.mm */,
				FFD5AE0A2B508A290022E578 /* Main.storyboard */,
				FFD5AE0D2B508A2A0022E578 /* Assets.xcassets */,
				FFD5AE0F2B508A2A0022E578 /* LaunchScreen.storyboard */,
				FFD5AE122B508A2A0022E578 /* Info.plist */,
				FFD5AE132B508A2A0022E578 /* main.m */,
			);
			path = holo;
			sourceTree = "<group>";
		};
/* End PBXGroup section */

/* Begin PBXNativeTarget section */
		FFD5ADFD2B508A290022E578 /* holo */ = {
			isa = PBXNativeTarget;
			buildConfigurationList = FFD5AE172B508A2A0022E578 /* Build configuration list for PBXNativeTarget "holo" */;
			buildPhases = (
				7D8424E74774D4069298E804 /* [CP] Check Pods Manifest.lock */,
				FFD5ADFA2B508A290022E578 /* Sources */,
				FFD5ADFB2B508A290022E578 /* Frameworks */,
				FFD5ADFC2B508A290022E578 /* Resources */,
				FFD5AE1D2B5091A60022E578 /* Embed Frameworks */,
				394D47169E864BB5C1077467 /* [CP] Copy Pods Resources */,
			);
			buildRules = (
			);
			dependencies = (
			);
			name = holo;
			productName = holo;
			productReference = FFD5ADFE2B508A290022E578 /* holo.app */;
			productType = "com.apple.product-type.application";
		};
		FFFFC1D12B57D5FE00BEB84E /* holosim */ = {
			isa = PBXNativeTarget;
			buildConfigurationList = FFFFC1E32B57D5FE00BEB84E /* Build configuration list for PBXNativeTarget "holosim" */;
			buildPhases = (
				7039692B18A1AD7618B308FD /* [CP] Check Pods Manifest.lock */,
				FFFFC1D32B57D5FE00BEB84E /* Sources */,
				FFFFC1DA2B57D5FE00BEB84E /* Frameworks */,
				FFFFC1DD2B57D5FE00BEB84E /* Resources */,
				44E7D7D20319F162409391E7 /* [CP] Copy Pods Resources */,
			);
			buildRules = (
			);
			dependencies = (
			);
			name = holosim;
			productName = holo;
			productReference = FFFFC1E62B57D5FE00BEB84E /* holosim.app */;
			productType = "com.apple.product-type.application";
		};
/* End PBXNativeTarget section */

/* Begin PBXProject section */
		FFD5ADF62B508A290022E578 /* Project object */ = {
			isa = PBXProject;
			attributes = {
				BuildIndependentTargetsInParallel = 1;
				LastUpgradeCheck = 1500;
				TargetAttributes = {
					FFD5ADFD2B508A290022E578 = {
						CreatedOnToolsVersion = 15.0.1;
					};
				};
			};
			buildConfigurationList = FFD5ADF92B508A290022E578 /* Build configuration list for PBXProject "holo" */;
			compatibilityVersion = "Xcode 14.0";
			developmentRegion = en;
			hasScannedForEncodings = 0;
			knownRegions = (
				en,
				Base,
			);
			mainGroup = FFD5ADF52B508A290022E578;
			productRefGroup = FFD5ADFF2B508A290022E578 /* Products */;
			projectDirPath = "";
			projectRoot = "";
			targets = (
				FFD5ADFD2B508A290022E578 /* holo */,
				FFFFC1D12B57D5FE00BEB84E /* holosim */,
			);
		};
/* End PBXProject section */

/* Begin PBXResourcesBuildPhase section */
		FFD5ADFC2B508A290022E578 /* Resources */ = {
			isa = PBXResourcesBuildPhase;
			buildActionMask = 2147483647;
			files = (
				FFD5AE112B508A2A0022E578 /* LaunchScreen.storyboard in Resources */,
				FFD5AE0E2B508A2A0022E578 /* Assets.xcassets in Resources */,
				FFD5AE0C2B508A290022E578 /* Main.storyboard in Resources */,
			);
			runOnlyForDeploymentPostprocessing = 0;
		};
		FFFFC1DD2B57D5FE00BEB84E /* Resources */ = {
			isa = PBXResourcesBuildPhase;
			buildActionMask = 2147483647;
			files = (
				FFFFC1DE2B57D5FE00BEB84E /* LaunchScreen.storyboard in Resources */,
				FFFFC1DF2B57D5FE00BEB84E /* Assets.xcassets in Resources */,
				FFFFC1E02B57D5FE00BEB84E /* Main.storyboard in Resources */,
			);
			runOnlyForDeploymentPostprocessing = 0;
		};
/* End PBXResourcesBuildPhase section */

/* Begin PBXShellScriptBuildPhase section */
		394D47169E864BB5C1077467 /* [CP] Copy Pods Resources */ = {
			isa = PBXShellScriptBuildPhase;
			buildActionMask = 2147483647;
			files = (
			);
			inputFileListPaths = (
				"${PODS_ROOT}/Target Support Files/Pods-holo/Pods-holo-resources-${CONFIGURATION}-input-files.xcfilelist",
			);
			name = "[CP] Copy Pods Resources";
			outputFileListPaths = (
				"${PODS_ROOT}/Target Support Files/Pods-holo/Pods-holo-resources-${CONFIGURATION}-output-files.xcfilelist",
			);
			runOnlyForDeploymentPostprocessing = 0;
			shellPath = /bin/sh;
			shellScript = "\"${PODS_ROOT}/Target Support Files/Pods-holo/Pods-holo-resources.sh\"\n";
			showEnvVarsInLog = 0;
		};
		44E7D7D20319F162409391E7 /* [CP] Copy Pods Resources */ = {
			isa = PBXShellScriptBuildPhase;
			buildActionMask = 2147483647;
			files = (
			);
			inputFileListPaths = (
				"${PODS_ROOT}/Target Support Files/Pods-holosim/Pods-holosim-resources-${CONFIGURATION}-input-files.xcfilelist",
			);
			name = "[CP] Copy Pods Resources";
			outputFileListPaths = (
				"${PODS_ROOT}/Target Support Files/Pods-holosim/Pods-holosim-resources-${CONFIGURATION}-output-files.xcfilelist",
			);
			runOnlyForDeploymentPostprocessing = 0;
			shellPath = /bin/sh;
			shellScript = "\"${PODS_ROOT}/Target Support Files/Pods-holosim/Pods-holosim-resources.sh\"\n";
			showEnvVarsInLog = 0;
		};
		7039692B18A1AD7618B308FD /* [CP] Check Pods Manifest.lock */ = {
			isa = PBXShellScriptBuildPhase;
			buildActionMask = 2147483647;
			files = (
			);
			inputFileListPaths = (
			);
			inputPaths = (
				"${PODS_PODFILE_DIR_PATH}/Podfile.lock",
				"${PODS_ROOT}/Manifest.lock",
			);
			name = "[CP] Check Pods Manifest.lock";
			outputFileListPaths = (
			);
			outputPaths = (
				"$(DERIVED_FILE_DIR)/Pods-holosim-checkManifestLockResult.txt",
			);
			runOnlyForDeploymentPostprocessing = 0;
			shellPath = /bin/sh;
			shellScript = "diff \"${PODS_PODFILE_DIR_PATH}/Podfile.lock\" \"${PODS_ROOT}/Manifest.lock\" > /dev/null\nif [ $? != 0 ] ; then\n    # print error to STDERR\n    echo \"error: The sandbox is not in sync with the Podfile.lock. Run 'pod install' or update your CocoaPods installation.\" >&2\n    exit 1\nfi\n# This output is used by Xcode 'outputs' to avoid re-running this script phase.\necho \"SUCCESS\" > \"${SCRIPT_OUTPUT_FILE_0}\"\n";
			showEnvVarsInLog = 0;
		};
		7D8424E74774D4069298E804 /* [CP] Check Pods Manifest.lock */ = {
			isa = PBXShellScriptBuildPhase;
			buildActionMask = 2147483647;
			files = (
			);
			inputFileListPaths = (
			);
			inputPaths = (
				"${PODS_PODFILE_DIR_PATH}/Podfile.lock",
				"${PODS_ROOT}/Manifest.lock",
			);
			name = "[CP] Check Pods Manifest.lock";
			outputFileListPaths = (
			);
			outputPaths = (
				"$(DERIVED_FILE_DIR)/Pods-holo-checkManifestLockResult.txt",
			);
			runOnlyForDeploymentPostprocessing = 0;
			shellPath = /bin/sh;
			shellScript = "diff \"${PODS_PODFILE_DIR_PATH}/Podfile.lock\" \"${PODS_ROOT}/Manifest.lock\" > /dev/null\nif [ $? != 0 ] ; then\n    # print error to STDERR\n    echo \"error: The sandbox is not in sync with the Podfile.lock. Run 'pod install' or update your CocoaPods installation.\" >&2\n    exit 1\nfi\n# This output is used by Xcode 'outputs' to avoid re-running this script phase.\necho \"SUCCESS\" > \"${SCRIPT_OUTPUT_FILE_0}\"\n";
			showEnvVarsInLog = 0;
		};
/* End PBXShellScriptBuildPhase section */

/* Begin PBXSourcesBuildPhase section */
		FFD5ADFA2B508A290022E578 /* Sources */ = {
			isa = PBXSourcesBuildPhase;
			buildActionMask = 2147483647;
			files = (
				FFD5AE1F2B50921E0022E578 /* ViewController.mm in Sources */,
				FFD5AE032B508A290022E578 /* AppDelegate.m in Sources */,
				FFD5AE142B508A2A0022E578 /* main.m in Sources */,
				FFFFC1AE2B56A33D00BEB84E /* Capturer.mm in Sources */,
				FFD5AE422B516A800022E578 /* Renderer.m in Sources */,
				FFD1CC152B581DF100AA8CC8 /* Logger.m in Sources */,
				FFD5AE062B508A290022E578 /* SceneDelegate.m in Sources */,
			);
			runOnlyForDeploymentPostprocessing = 0;
		};
		FFFFC1D32B57D5FE00BEB84E /* Sources */ = {
			isa = PBXSourcesBuildPhase;
			buildActionMask = 2147483647;
			files = (
				FFFFC1D42B57D5FE00BEB84E /* ViewController.mm in Sources */,
				FFFFC1D52B57D5FE00BEB84E /* AppDelegate.m in Sources */,
				FFFFC1D62B57D5FE00BEB84E /* main.m in Sources */,
				FFFFC1D92B57D5FE00BEB84E /* SceneDelegate.m in Sources */,
				FFD1CC162B581DF100AA8CC8 /* Logger.m in Sources */,
			);
			runOnlyForDeploymentPostprocessing = 0;
		};
/* End PBXSourcesBuildPhase section */

/* Begin PBXVariantGroup section */
		FFD5AE0A2B508A290022E578 /* Main.storyboard */ = {
			isa = PBXVariantGroup;
			children = (
				FFD5AE0B2B508A290022E578 /* Base */,
			);
			name = Main.storyboard;
			sourceTree = "<group>";
		};
		FFD5AE0F2B508A2A0022E578 /* LaunchScreen.storyboard */ = {
			isa = PBXVariantGroup;
			children = (
				FFD5AE102B508A2A0022E578 /* Base */,
			);
			name = LaunchScreen.storyboard;
			sourceTree = "<group>";
		};
/* End PBXVariantGroup section */

/* Begin XCBuildConfiguration section */
		FFD5AE152B508A2A0022E578 /* Debug */ = {
			isa = XCBuildConfiguration;
			buildSettings = {
				ALWAYS_SEARCH_USER_PATHS = NO;
				ASSETCATALOG_COMPILER_GENERATE_SWIFT_ASSET_SYMBOL_EXTENSIONS = YES;
				CLANG_ANALYZER_NONNULL = YES;
				CLANG_ANALYZER_NUMBER_OBJECT_CONVERSION = YES_AGGRESSIVE;
				CLANG_CXX_LANGUAGE_STANDARD = "gnu++20";
				CLANG_ENABLE_MODULES = YES;
				CLANG_ENABLE_OBJC_ARC = YES;
				CLANG_ENABLE_OBJC_WEAK = YES;
				CLANG_WARN_BLOCK_CAPTURE_AUTORELEASING = YES;
				CLANG_WARN_BOOL_CONVERSION = YES;
				CLANG_WARN_COMMA = YES;
				CLANG_WARN_CONSTANT_CONVERSION = YES;
				CLANG_WARN_DEPRECATED_OBJC_IMPLEMENTATIONS = YES;
				CLANG_WARN_DIRECT_OBJC_ISA_USAGE = YES_ERROR;
				CLANG_WARN_DOCUMENTATION_COMMENTS = YES;
				CLANG_WARN_EMPTY_BODY = YES;
				CLANG_WARN_ENUM_CONVERSION = YES;
				CLANG_WARN_INFINITE_RECURSION = YES;
				CLANG_WARN_INT_CONVERSION = YES;
				CLANG_WARN_NON_LITERAL_NULL_CONVERSION = YES;
				CLANG_WARN_OBJC_IMPLICIT_RETAIN_SELF = YES;
				CLANG_WARN_OBJC_LITERAL_CONVERSION = YES;
				CLANG_WARN_OBJC_ROOT_CLASS = YES_ERROR;
				CLANG_WARN_QUOTED_INCLUDE_IN_FRAMEWORK_HEADER = YES;
				CLANG_WARN_RANGE_LOOP_ANALYSIS = YES;
				CLANG_WARN_STRICT_PROTOTYPES = YES;
				CLANG_WARN_SUSPICIOUS_MOVE = YES;
				CLANG_WARN_UNGUARDED_AVAILABILITY = YES_AGGRESSIVE;
				CLANG_WARN_UNREACHABLE_CODE = YES;
				CLANG_WARN__DUPLICATE_METHOD_MATCH = YES;
				COPY_PHASE_STRIP = NO;
				DEBUG_INFORMATION_FORMAT = dwarf;
				ENABLE_STRICT_OBJC_MSGSEND = YES;
				ENABLE_TESTABILITY = YES;
				ENABLE_USER_SCRIPT_SANDBOXING = YES;
				GCC_C_LANGUAGE_STANDARD = gnu17;
				GCC_DYNAMIC_NO_PIC = NO;
				GCC_NO_COMMON_BLOCKS = YES;
				GCC_OPTIMIZATION_LEVEL = 0;
				GCC_PREPROCESSOR_DEFINITIONS = (
					"DEBUG=1",
					"$(inherited)",
				);
				GCC_WARN_64_TO_32_BIT_CONVERSION = YES;
				GCC_WARN_ABOUT_RETURN_TYPE = YES_ERROR;
				GCC_WARN_UNDECLARED_SELECTOR = YES;
				GCC_WARN_UNINITIALIZED_AUTOS = YES_AGGRESSIVE;
				GCC_WARN_UNUSED_FUNCTION = YES;
				GCC_WARN_UNUSED_VARIABLE = YES;
				IPHONEOS_DEPLOYMENT_TARGET = 17.0;
				LOCALIZATION_PREFERS_STRING_CATALOGS = YES;
				MTL_ENABLE_DEBUG_INFO = INCLUDE_SOURCE;
				MTL_FAST_MATH = YES;
				ONLY_ACTIVE_ARCH = YES;
				SDKROOT = iphoneos;
			};
			name = Debug;
		};
		FFD5AE162B508A2A0022E578 /* Release */ = {
			isa = XCBuildConfiguration;
			buildSettings = {
				ALWAYS_SEARCH_USER_PATHS = NO;
				ASSETCATALOG_COMPILER_GENERATE_SWIFT_ASSET_SYMBOL_EXTENSIONS = YES;
				CLANG_ANALYZER_NONNULL = YES;
				CLANG_ANALYZER_NUMBER_OBJECT_CONVERSION = YES_AGGRESSIVE;
				CLANG_CXX_LANGUAGE_STANDARD = "gnu++20";
				CLANG_ENABLE_MODULES = YES;
				CLANG_ENABLE_OBJC_ARC = YES;
				CLANG_ENABLE_OBJC_WEAK = YES;
				CLANG_WARN_BLOCK_CAPTURE_AUTORELEASING = YES;
				CLANG_WARN_BOOL_CONVERSION = YES;
				CLANG_WARN_COMMA = YES;
				CLANG_WARN_CONSTANT_CONVERSION = YES;
				CLANG_WARN_DEPRECATED_OBJC_IMPLEMENTATIONS = YES;
				CLANG_WARN_DIRECT_OBJC_ISA_USAGE = YES_ERROR;
				CLANG_WARN_DOCUMENTATION_COMMENTS = YES;
				CLANG_WARN_EMPTY_BODY = YES;
				CLANG_WARN_ENUM_CONVERSION = YES;
				CLANG_WARN_INFINITE_RECURSION = YES;
				CLANG_WARN_INT_CONVERSION = YES;
				CLANG_WARN_NON_LITERAL_NULL_CONVERSION = YES;
				CLANG_WARN_OBJC_IMPLICIT_RETAIN_SELF = YES;
				CLANG_WARN_OBJC_LITERAL_CONVERSION = YES;
				CLANG_WARN_OBJC_ROOT_CLASS = YES_ERROR;
				CLANG_WARN_QUOTED_INCLUDE_IN_FRAMEWORK_HEADER = YES;
				CLANG_WARN_RANGE_LOOP_ANALYSIS = YES;
				CLANG_WARN_STRICT_PROTOTYPES = YES;
				CLANG_WARN_SUSPICIOUS_MOVE = YES;
				CLANG_WARN_UNGUARDED_AVAILABILITY = YES_AGGRESSIVE;
				CLANG_WARN_UNREACHABLE_CODE = YES;
				CLANG_WARN__DUPLICATE_METHOD_MATCH = YES;
				COPY_PHASE_STRIP = NO;
				DEBUG_INFORMATION_FORMAT = "dwarf-with-dsym";
				ENABLE_NS_ASSERTIONS = NO;
				ENABLE_STRICT_OBJC_MSGSEND = YES;
				ENABLE_USER_SCRIPT_SANDBOXING = YES;
				GCC_C_LANGUAGE_STANDARD = gnu17;
				GCC_NO_COMMON_BLOCKS = YES;
				GCC_WARN_64_TO_32_BIT_CONVERSION = YES;
				GCC_WARN_ABOUT_RETURN_TYPE = YES_ERROR;
				GCC_WARN_UNDECLARED_SELECTOR = YES;
				GCC_WARN_UNINITIALIZED_AUTOS = YES_AGGRESSIVE;
				GCC_WARN_UNUSED_FUNCTION = YES;
				GCC_WARN_UNUSED_VARIABLE = YES;
				IPHONEOS_DEPLOYMENT_TARGET = 17.0;
				LOCALIZATION_PREFERS_STRING_CATALOGS = YES;
				MTL_ENABLE_DEBUG_INFO = NO;
				MTL_FAST_MATH = YES;
				SDKROOT = iphoneos;
				VALIDATE_PRODUCT = YES;
			};
			name = Release;
		};
		FFD5AE182B508A2A0022E578 /* Debug */ = {
			isa = XCBuildConfiguration;
			baseConfigurationReference = D38C1F84A01988A2FE91A270 /* Pods-holo.debug.xcconfig */;
			buildSettings = {
				ASSETCATALOG_COMPILER_APPICON_NAME = AppIcon;
				ASSETCATALOG_COMPILER_GLOBAL_ACCENT_COLOR_NAME = AccentColor;
				CLANG_CXX_LANGUAGE_STANDARD = "c++17";
				CLANG_ENABLE_OBJC_ARC = YES;
				CODE_SIGN_STYLE = Automatic;
				CURRENT_PROJECT_VERSION = 1;
				DEVELOPMENT_TEAM = PR6C39UQ38;
				ENABLE_USER_SCRIPT_SANDBOXING = NO;
				FRAMEWORK_SEARCH_PATHS = (
					"$(inherited)",
					"$(PROJECT_DIR)",
					"$(PROJECT_DIR)/..",
					"$(PROJECT_DIR)/../Unity-iPhone",
				);
				GCC_C_LANGUAGE_STANDARD = gnu11;
				GCC_INPUT_FILETYPE = sourcecode.cpp.objcpp;
				GCC_PREPROCESSOR_DEFINITIONS = "$(inherited)";
				GENERATE_INFOPLIST_FILE = YES;
				HEADER_SEARCH_PATHS = (
					"$(inherited)",
					"${PODS_XCFRAMEWORKS_BUILD_DIR}/VonageWebRTC/VonageWebRTC.framework/Headers/third_party/libyuv/include",
				);
				INFOPLIST_FILE = holo/Info.plist;
				INFOPLIST_KEY_LSApplicationCategoryType = "public.app-category.video";
				INFOPLIST_KEY_NSCameraUsageDescription = "";
				INFOPLIST_KEY_NSLocalNetworkUsageDescription = "";
				INFOPLIST_KEY_NSMicrophoneUsageDescription = "";
				INFOPLIST_KEY_UIApplicationSupportsIndirectInputEvents = YES;
				INFOPLIST_KEY_UILaunchStoryboardName = LaunchScreen;
				INFOPLIST_KEY_UIMainStoryboardFile = Main;
				INFOPLIST_KEY_UISupportedInterfaceOrientations_iPad = "UIInterfaceOrientationPortrait UIInterfaceOrientationPortraitUpsideDown UIInterfaceOrientationLandscapeLeft UIInterfaceOrientationLandscapeRight";
				INFOPLIST_KEY_UISupportedInterfaceOrientations_iPhone = "UIInterfaceOrientationPortrait UIInterfaceOrientationLandscapeLeft UIInterfaceOrientationLandscapeRight";
				IPHONEOS_DEPLOYMENT_TARGET = 13.0;
				LD_RUNPATH_SEARCH_PATHS = (
					"$(inherited)",
					"@executable_path/Frameworks",
				);
				MARKETING_VERSION = 1.0;
				PRODUCT_BUNDLE_IDENTIFIER = com.vonage.holo;
				PRODUCT_NAME = "$(TARGET_NAME)";
				SUPPORTED_PLATFORMS = "iphoneos iphonesimulator";
				SUPPORTS_MACCATALYST = NO;
				SUPPORTS_MAC_DESIGNED_FOR_IPHONE_IPAD = YES;
				SWIFT_EMIT_LOC_STRINGS = YES;
				TARGETED_DEVICE_FAMILY = "1,2";
			};
			name = Debug;
		};
		FFD5AE192B508A2A0022E578 /* Release */ = {
			isa = XCBuildConfiguration;
			baseConfigurationReference = 216AA2A62DA60522C5597CF0 /* Pods-holo.release.xcconfig */;
			buildSettings = {
				ASSETCATALOG_COMPILER_APPICON_NAME = AppIcon;
				ASSETCATALOG_COMPILER_GLOBAL_ACCENT_COLOR_NAME = AccentColor;
				CLANG_CXX_LANGUAGE_STANDARD = "c++17";
				CLANG_ENABLE_OBJC_ARC = YES;
				CODE_SIGN_STYLE = Automatic;
				CURRENT_PROJECT_VERSION = 1;
				DEVELOPMENT_TEAM = PR6C39UQ38;
				ENABLE_USER_SCRIPT_SANDBOXING = NO;
				FRAMEWORK_SEARCH_PATHS = (
					"$(inherited)",
					"$(PROJECT_DIR)",
					"$(PROJECT_DIR)/..",
					"$(PROJECT_DIR)/../Unity-iPhone",
				);
				GCC_C_LANGUAGE_STANDARD = gnu11;
				GCC_INPUT_FILETYPE = sourcecode.cpp.objcpp;
				GCC_PREPROCESSOR_DEFINITIONS = "$(inherited)";
				GENERATE_INFOPLIST_FILE = YES;
				HEADER_SEARCH_PATHS = (
					"$(inherited)",
					"${PODS_XCFRAMEWORKS_BUILD_DIR}/VonageWebRTC/VonageWebRTC.framework/Headers/third_party/libyuv/include",
				);
				INFOPLIST_FILE = holo/Info.plist;
				INFOPLIST_KEY_LSApplicationCategoryType = "public.app-category.video";
				INFOPLIST_KEY_NSCameraUsageDescription = "";
				INFOPLIST_KEY_NSLocalNetworkUsageDescription = "";
				INFOPLIST_KEY_NSMicrophoneUsageDescription = "";
				INFOPLIST_KEY_UIApplicationSupportsIndirectInputEvents = YES;
				INFOPLIST_KEY_UILaunchStoryboardName = LaunchScreen;
				INFOPLIST_KEY_UIMainStoryboardFile = Main;
				INFOPLIST_KEY_UISupportedInterfaceOrientations_iPad = "UIInterfaceOrientationPortrait UIInterfaceOrientationPortraitUpsideDown UIInterfaceOrientationLandscapeLeft UIInterfaceOrientationLandscapeRight";
				INFOPLIST_KEY_UISupportedInterfaceOrientations_iPhone = "UIInterfaceOrientationPortrait UIInterfaceOrientationLandscapeLeft UIInterfaceOrientationLandscapeRight";
				IPHONEOS_DEPLOYMENT_TARGET = 13.0;
				LD_RUNPATH_SEARCH_PATHS = (
					"$(inherited)",
					"@executable_path/Frameworks",
				);
				MARKETING_VERSION = 1.0;
				PRODUCT_BUNDLE_IDENTIFIER = com.vonage.holo;
				PRODUCT_NAME = "$(TARGET_NAME)";
				SUPPORTED_PLATFORMS = "iphoneos iphonesimulator";
				SUPPORTS_MACCATALYST = NO;
				SUPPORTS_MAC_DESIGNED_FOR_IPHONE_IPAD = YES;
				SWIFT_EMIT_LOC_STRINGS = YES;
				TARGETED_DEVICE_FAMILY = "1,2";
			};
			name = Release;
		};
		FFFFC1E42B57D5FE00BEB84E /* Debug */ = {
			isa = XCBuildConfiguration;
			baseConfigurationReference = B61C364C165EA6E46CE98C96 /* Pods-holosim.debug.xcconfig */;
			buildSettings = {
				ASSETCATALOG_COMPILER_APPICON_NAME = AppIcon;
				ASSETCATALOG_COMPILER_GLOBAL_ACCENT_COLOR_NAME = AccentColor;
				CLANG_CXX_LANGUAGE_STANDARD = "c++17";
				CLANG_ENABLE_OBJC_ARC = YES;
				CODE_SIGN_STYLE = Automatic;
				CURRENT_PROJECT_VERSION = 1;
				DEVELOPMENT_TEAM = PR6C39UQ38;
				ENABLE_USER_SCRIPT_SANDBOXING = NO;
				FRAMEWORK_SEARCH_PATHS = (
					"$(inherited)",
					"$(PROJECT_DIR)",
					"$(PROJECT_DIR)/..",
					"$(PROJECT_DIR)/../Unity-iPhone",
				);
				GCC_C_LANGUAGE_STANDARD = gnu11;
				GCC_INPUT_FILETYPE = sourcecode.cpp.objcpp;
				GCC_PREPROCESSOR_DEFINITIONS = "$(inherited)";
				GENERATE_INFOPLIST_FILE = YES;
				HEADER_SEARCH_PATHS = (
					"$(inherited)",
					"${PODS_XCFRAMEWORKS_BUILD_DIR}/VonageWebRTC/VonageWebRTC.framework/Headers/third_party/libyuv/include",
				);
				INFOPLIST_FILE = holo/Info.plist;
				INFOPLIST_KEY_LSApplicationCategoryType = "public.app-category.video";
				INFOPLIST_KEY_NSCameraUsageDescription = "";
				INFOPLIST_KEY_NSLocalNetworkUsageDescription = "";
				INFOPLIST_KEY_NSMicrophoneUsageDescription = "";
				INFOPLIST_KEY_UIApplicationSupportsIndirectInputEvents = YES;
				INFOPLIST_KEY_UILaunchStoryboardName = LaunchScreen;
				INFOPLIST_KEY_UIMainStoryboardFile = Main;
				INFOPLIST_KEY_UISupportedInterfaceOrientations_iPad = "UIInterfaceOrientationPortrait UIInterfaceOrientationPortraitUpsideDown UIInterfaceOrientationLandscapeLeft UIInterfaceOrientationLandscapeRight";
				INFOPLIST_KEY_UISupportedInterfaceOrientations_iPhone = "UIInterfaceOrientationPortrait UIInterfaceOrientationLandscapeLeft UIInterfaceOrientationLandscapeRight";
				IPHONEOS_DEPLOYMENT_TARGET = 13.0;
				LD_RUNPATH_SEARCH_PATHS = (
					"$(inherited)",
					"@executable_path/Frameworks",
				);
				MARKETING_VERSION = 1.0;
				PRODUCT_BUNDLE_IDENTIFIER = com.vonage.holo;
				PRODUCT_NAME = "$(TARGET_NAME)";
				SUPPORTED_PLATFORMS = "iphoneos iphonesimulator";
				SUPPORTS_MACCATALYST = NO;
				SUPPORTS_MAC_DESIGNED_FOR_IPHONE_IPAD = NO;
				SWIFT_EMIT_LOC_STRINGS = YES;
				TARGETED_DEVICE_FAMILY = 1;
			};
			name = Debug;
		};
		FFFFC1E52B57D5FE00BEB84E /* Release */ = {
			isa = XCBuildConfiguration;
			baseConfigurationReference = C8AA0DAD912BC929314D181C /* Pods-holosim.release.xcconfig */;
			buildSettings = {
				ASSETCATALOG_COMPILER_APPICON_NAME = AppIcon;
				ASSETCATALOG_COMPILER_GLOBAL_ACCENT_COLOR_NAME = AccentColor;
				CLANG_CXX_LANGUAGE_STANDARD = "c++17";
				CLANG_ENABLE_OBJC_ARC = YES;
				CODE_SIGN_STYLE = Automatic;
				CURRENT_PROJECT_VERSION = 1;
				DEVELOPMENT_TEAM = PR6C39UQ38;
				ENABLE_USER_SCRIPT_SANDBOXING = NO;
				FRAMEWORK_SEARCH_PATHS = (
					"$(inherited)",
					"$(PROJECT_DIR)",
					"$(PROJECT_DIR)/..",
					"$(PROJECT_DIR)/../Unity-iPhone",
				);
				GCC_C_LANGUAGE_STANDARD = gnu11;
				GCC_INPUT_FILETYPE = sourcecode.cpp.objcpp;
				GCC_PREPROCESSOR_DEFINITIONS = "$(inherited)";
				GENERATE_INFOPLIST_FILE = YES;
				HEADER_SEARCH_PATHS = (
					"$(inherited)",
					"${PODS_XCFRAMEWORKS_BUILD_DIR}/VonageWebRTC/VonageWebRTC.framework/Headers/third_party/libyuv/include",
				);
				INFOPLIST_FILE = holo/Info.plist;
				INFOPLIST_KEY_LSApplicationCategoryType = "public.app-category.video";
				INFOPLIST_KEY_NSCameraUsageDescription = "";
				INFOPLIST_KEY_NSLocalNetworkUsageDescription = "";
				INFOPLIST_KEY_NSMicrophoneUsageDescription = "";
				INFOPLIST_KEY_UIApplicationSupportsIndirectInputEvents = YES;
				INFOPLIST_KEY_UILaunchStoryboardName = LaunchScreen;
				INFOPLIST_KEY_UIMainStoryboardFile = Main;
				INFOPLIST_KEY_UISupportedInterfaceOrientations_iPad = "UIInterfaceOrientationPortrait UIInterfaceOrientationPortraitUpsideDown UIInterfaceOrientationLandscapeLeft UIInterfaceOrientationLandscapeRight";
				INFOPLIST_KEY_UISupportedInterfaceOrientations_iPhone = "UIInterfaceOrientationPortrait UIInterfaceOrientationLandscapeLeft UIInterfaceOrientationLandscapeRight";
				IPHONEOS_DEPLOYMENT_TARGET = 13.0;
				LD_RUNPATH_SEARCH_PATHS = (
					"$(inherited)",
					"@executable_path/Frameworks",
				);
				MARKETING_VERSION = 1.0;
				PRODUCT_BUNDLE_IDENTIFIER = com.vonage.holo;
				PRODUCT_NAME = "$(TARGET_NAME)";
				SUPPORTED_PLATFORMS = "iphoneos iphonesimulator";
				SUPPORTS_MACCATALYST = NO;
				SUPPORTS_MAC_DESIGNED_FOR_IPHONE_IPAD = NO;
				SWIFT_EMIT_LOC_STRINGS = YES;
				TARGETED_DEVICE_FAMILY = 1;
			};
			name = Release;
		};
/* End XCBuildConfiguration section */

/* Begin XCConfigurationList section */
		FFD5ADF92B508A290022E578 /* Build configuration list for PBXProject "holo" */ = {
			isa = XCConfigurationList;
			buildConfigurations = (
				FFD5AE152B508A2A0022E578 /* Debug */,
				FFD5AE162B508A2A0022E578 /* Release */,
			);
			defaultConfigurationIsVisible = 0;
			defaultConfigurationName = Release;
		};
		FFD5AE172B508A2A0022E578 /* Build configuration list for PBXNativeTarget "holo" */ = {
			isa = XCConfigurationList;
			buildConfigurations = (
				FFD5AE182B508A2A0022E578 /* Debug */,
				FFD5AE192B508A2A0022E578 /* Release */,
			);
			defaultConfigurationIsVisible = 0;
			defaultConfigurationName = Release;
		};
		FFFFC1E32B57D5FE00BEB84E /* Build configuration list for PBXNativeTarget "holosim" */ = {
			isa = XCConfigurationList;
			buildConfigurations = (
				FFFFC1E42B57D5FE00BEB84E /* Debug */,
				FFFFC1E52B57D5FE00BEB84E /* Release */,
			);
			defaultConfigurationIsVisible = 0;
			defaultConfigurationName = Release;
		};
/* End XCConfigurationList section */
	};
	rootObject = FFD5ADF62B508A290022E578 /* Project object */;
}
